// !$*UTF8*$!
{
	archiveVersion = 1;
	classes = {
	};
	objectVersion = 46;
	objects = {

/* Begin PBXBuildFile section */
		240B14161A005673006E48D3 /* custom_wrapper.cpp in Sources */ = {isa = PBXBuildFile; fileRef = 240B14151A005673006E48D3 /* custom_wrapper.cpp */; };
		243284C919E47E2A0095B58F /* replacemallocfirefox.cpp in Sources */ = {isa = PBXBuildFile; fileRef = 243284C719E47E2A0095B58F /* replacemallocfirefox.cpp */; };
		243284CA19E47E2A0095B58F /* replacemallocfirefox.h in Headers */ = {isa = PBXBuildFile; fileRef = 243284C819E47E2A0095B58F /* replacemallocfirefox.h */; };
		243284E619E47EFE0095B58F /* replacemallocsqlite.cpp in Sources */ = {isa = PBXBuildFile; fileRef = 243284E419E47EFE0095B58F /* replacemallocsqlite.cpp */; };
		243284EB19E494850095B58F /* replacemallocsqlite.cpp in Sources */ = {isa = PBXBuildFile; fileRef = 243284E419E47EFE0095B58F /* replacemallocsqlite.cpp */; };
/* End PBXBuildFile section */

/* Begin PBXFileReference section */
		240B14151A005673006E48D3 /* custom_wrapper.cpp */ = {isa = PBXFileReference; fileEncoding = 4; lastKnownFileType = sourcecode.cpp.cpp; path = custom_wrapper.cpp; sourceTree = "<group>"; };
		243284BC19E47DA70095B58F /* libreplacemalloc.dylib */ = {isa = PBXFileReference; explicitFileType = "compiled.mach-o.dylib"; includeInIndex = 0; path = libreplacemalloc.dylib; sourceTree = BUILT_PRODUCTS_DIR; };
		243284C719E47E2A0095B58F /* replacemallocfirefox.cpp */ = {isa = PBXFileReference; fileEncoding = 4; lastKnownFileType = sourcecode.cpp.cpp; path = replacemallocfirefox.cpp; sourceTree = "<group>"; };
		243284C819E47E2A0095B58F /* replacemallocfirefox.h */ = {isa = PBXFileReference; fileEncoding = 4; lastKnownFileType = sourcecode.c.h; path = replacemallocfirefox.h; sourceTree = "<group>"; };
		243284E419E47EFE0095B58F /* replacemallocsqlite.cpp */ = {isa = PBXFileReference; fileEncoding = 4; lastKnownFileType = sourcecode.cpp.cpp; path = replacemallocsqlite.cpp; sourceTree = "<group>"; };
		243284E519E47EFE0095B58F /* replacemallocsqlite.h */ = {isa = PBXFileReference; fileEncoding = 4; lastKnownFileType = sourcecode.c.h; path = replacemallocsqlite.h; sourceTree = "<group>"; };
		243284F519E494850095B58F /* libreplacemallocsqlite.dylib */ = {isa = PBXFileReference; explicitFileType = "compiled.mach-o.dylib"; includeInIndex = 0; path = libreplacemallocsqlite.dylib; sourceTree = BUILT_PRODUCTS_DIR; };
		2440A13119E4A27300CE8849 /* time.hpp */ = {isa = PBXFileReference; lastKnownFileType = sourcecode.cpp.h; path = time.hpp; sourceTree = "<group>"; };
/* End PBXFileReference section */

/* Begin PBXFrameworksBuildPhase section */
		243284B919E47DA70095B58F /* Frameworks */ = {
			isa = PBXFrameworksBuildPhase;
			buildActionMask = 2147483647;
			files = (
			);
			runOnlyForDeploymentPostprocessing = 0;
		};
		243284ED19E494850095B58F /* Frameworks */ = {
			isa = PBXFrameworksBuildPhase;
			buildActionMask = 2147483647;
			files = (
			);
			runOnlyForDeploymentPostprocessing = 0;
		};
/* End PBXFrameworksBuildPhase section */

/* Begin PBXGroup section */
		243284B319E47DA70095B58F = {
			isa = PBXGroup;
			children = (
				243284E819E47F040095B58F /* sqlite */,
				2440A13019E4A1BF00CE8849 /* shared */,
				243284CD19E47E430095B58F /* firefox */,
				243284BD19E47DA70095B58F /* Products */,
			);
			sourceTree = "<group>";
		};
		243284BD19E47DA70095B58F /* Products */ = {
			isa = PBXGroup;
			children = (
				243284BC19E47DA70095B58F /* libreplacemalloc.dylib */,
				243284F519E494850095B58F /* libreplacemallocsqlite.dylib */,
			);
			name = Products;
			sourceTree = "<group>";
		};
		243284CD19E47E430095B58F /* firefox */ = {
			isa = PBXGroup;
			children = (
				243284C719E47E2A0095B58F /* replacemallocfirefox.cpp */,
				243284C819E47E2A0095B58F /* replacemallocfirefox.h */,
			);
			name = firefox;
			sourceTree = "<group>";
		};
		243284E819E47F040095B58F /* sqlite */ = {
			isa = PBXGroup;
			children = (
				243284E419E47EFE0095B58F /* replacemallocsqlite.cpp */,
				243284E519E47EFE0095B58F /* replacemallocsqlite.h */,
			);
			name = sqlite;
			sourceTree = "<group>";
		};
		2440A13019E4A1BF00CE8849 /* shared */ = {
			isa = PBXGroup;
			children = (
				2440A13119E4A27300CE8849 /* time.hpp */,
				240B14151A005673006E48D3 /* custom_wrapper.cpp */,
			);
			name = shared;
			sourceTree = "<group>";
		};
/* End PBXGroup section */

/* Begin PBXHeadersBuildPhase section */
		243284BA19E47DA70095B58F /* Headers */ = {
			isa = PBXHeadersBuildPhase;
			buildActionMask = 2147483647;
			files = (
				243284CA19E47E2A0095B58F /* replacemallocfirefox.h in Headers */,
			);
			runOnlyForDeploymentPostprocessing = 0;
		};
		243284EE19E494850095B58F /* Headers */ = {
			isa = PBXHeadersBuildPhase;
			buildActionMask = 2147483647;
			files = (
			);
			runOnlyForDeploymentPostprocessing = 0;
		};
/* End PBXHeadersBuildPhase section */

/* Begin PBXNativeTarget section */
		243284BB19E47DA70095B58F /* replacemalloc */ = {
			isa = PBXNativeTarget;
			buildConfigurationList = 243284C019E47DA70095B58F /* Build configuration list for PBXNativeTarget "replacemalloc" */;
			buildPhases = (
				243284B819E47DA70095B58F /* Sources */,
				243284B919E47DA70095B58F /* Frameworks */,
				243284BA19E47DA70095B58F /* Headers */,
			);
			buildRules = (
			);
			dependencies = (
			);
			name = replacemalloc;
			productName = replacemalloc;
			productReference = 243284BC19E47DA70095B58F /* libreplacemalloc.dylib */;
			productType = "com.apple.product-type.library.dynamic";
		};
		243284E919E494850095B58F /* replacemallocsqlite */ = {
			isa = PBXNativeTarget;
			buildConfigurationList = 243284F219E494850095B58F /* Build configuration list for PBXNativeTarget "replacemallocsqlite" */;
			buildPhases = (
				243284EA19E494850095B58F /* Sources */,
				243284ED19E494850095B58F /* Frameworks */,
				243284EE19E494850095B58F /* Headers */,
			);
			buildRules = (
			);
			dependencies = (
			);
			name = replacemallocsqlite;
			productName = replacemalloc;
			productReference = 243284F519E494850095B58F /* libreplacemallocsqlite.dylib */;
			productType = "com.apple.product-type.library.dynamic";
		};
/* End PBXNativeTarget section */

/* Begin PBXProject section */
		243284B419E47DA70095B58F /* Project object */ = {
			isa = PBXProject;
			attributes = {
				LastUpgradeCheck = 0600;
				ORGANIZATIONNAME = UMass;
				TargetAttributes = {
					243284BB19E47DA70095B58F = {
						CreatedOnToolsVersion = 6.0.1;
					};
				};
			};
			buildConfigurationList = 243284B719E47DA70095B58F /* Build configuration list for PBXProject "replacemalloc" */;
			compatibilityVersion = "Xcode 3.2";
			developmentRegion = English;
			hasScannedForEncodings = 0;
			knownRegions = (
				en,
			);
			mainGroup = 243284B319E47DA70095B58F;
			productRefGroup = 243284BD19E47DA70095B58F /* Products */;
			projectDirPath = "";
			projectRoot = "";
			targets = (
				243284BB19E47DA70095B58F /* replacemalloc */,
				243284E919E494850095B58F /* replacemallocsqlite */,
			);
		};
/* End PBXProject section */

/* Begin PBXSourcesBuildPhase section */
		243284B819E47DA70095B58F /* Sources */ = {
			isa = PBXSourcesBuildPhase;
			buildActionMask = 2147483647;
			files = (
				243284E619E47EFE0095B58F /* replacemallocsqlite.cpp in Sources */,
				240B14161A005673006E48D3 /* custom_wrapper.cpp in Sources */,
				243284C919E47E2A0095B58F /* replacemallocfirefox.cpp in Sources */,
			);
			runOnlyForDeploymentPostprocessing = 0;
		};
		243284EA19E494850095B58F /* Sources */ = {
			isa = PBXSourcesBuildPhase;
			buildActionMask = 2147483647;
			files = (
				243284EB19E494850095B58F /* replacemallocsqlite.cpp in Sources */,
			);
			runOnlyForDeploymentPostprocessing = 0;
		};
/* End PBXSourcesBuildPhase section */

/* Begin XCBuildConfiguration section */
		243284BE19E47DA70095B58F /* Debug */ = {
			isa = XCBuildConfiguration;
			buildSettings = {
				ALWAYS_SEARCH_USER_PATHS = NO;
				CLANG_CXX_LANGUAGE_STANDARD = "c++0x";
				CLANG_CXX_LIBRARY = "libc++";
				CLANG_ENABLE_MODULES = YES;
				CLANG_ENABLE_OBJC_ARC = YES;
				CLANG_WARN_BOOL_CONVERSION = YES;
				CLANG_WARN_CONSTANT_CONVERSION = YES;
				CLANG_WARN_DIRECT_OBJC_ISA_USAGE = YES_ERROR;
				CLANG_WARN_EMPTY_BODY = YES;
				CLANG_WARN_ENUM_CONVERSION = YES;
				CLANG_WARN_INT_CONVERSION = YES;
				CLANG_WARN_OBJC_ROOT_CLASS = YES_ERROR;
				CLANG_WARN_UNREACHABLE_CODE = YES;
				CLANG_WARN__DUPLICATE_METHOD_MATCH = YES;
				COPY_PHASE_STRIP = NO;
				ENABLE_STRICT_OBJC_MSGSEND = YES;
				GCC_C_LANGUAGE_STANDARD = gnu99;
				GCC_DYNAMIC_NO_PIC = NO;
				GCC_OPTIMIZATION_LEVEL = 0;
				GCC_PREPROCESSOR_DEFINITIONS = (
					"DEBUG=1",
					"$(inherited)",
				);
				GCC_SYMBOLS_PRIVATE_EXTERN = NO;
				GCC_WARN_64_TO_32_BIT_CONVERSION = YES;
				GCC_WARN_ABOUT_RETURN_TYPE = YES_ERROR;
				GCC_WARN_UNDECLARED_SELECTOR = YES;
				GCC_WARN_UNINITIALIZED_AUTOS = YES_AGGRESSIVE;
				GCC_WARN_UNUSED_FUNCTION = YES;
				GCC_WARN_UNUSED_VARIABLE = YES;
				MACOSX_DEPLOYMENT_TARGET = 10.9;
				MTL_ENABLE_DEBUG_INFO = YES;
				ONLY_ACTIVE_ARCH = YES;
				SDKROOT = macosx;
			};
			name = Debug;
		};
		243284BF19E47DA70095B58F /* Release */ = {
			isa = XCBuildConfiguration;
			buildSettings = {
				ALWAYS_SEARCH_USER_PATHS = NO;
				CLANG_CXX_LANGUAGE_STANDARD = "c++0x";
				CLANG_CXX_LIBRARY = "libc++";
				CLANG_ENABLE_MODULES = YES;
				CLANG_ENABLE_OBJC_ARC = YES;
				CLANG_WARN_BOOL_CONVERSION = YES;
				CLANG_WARN_CONSTANT_CONVERSION = YES;
				CLANG_WARN_DIRECT_OBJC_ISA_USAGE = YES_ERROR;
				CLANG_WARN_EMPTY_BODY = YES;
				CLANG_WARN_ENUM_CONVERSION = YES;
				CLANG_WARN_INT_CONVERSION = YES;
				CLANG_WARN_OBJC_ROOT_CLASS = YES_ERROR;
				CLANG_WARN_UNREACHABLE_CODE = YES;
				CLANG_WARN__DUPLICATE_METHOD_MATCH = YES;
				COPY_PHASE_STRIP = YES;
				DEBUG_INFORMATION_FORMAT = "dwarf-with-dsym";
				ENABLE_NS_ASSERTIONS = NO;
				ENABLE_STRICT_OBJC_MSGSEND = YES;
				GCC_C_LANGUAGE_STANDARD = gnu99;
				GCC_WARN_64_TO_32_BIT_CONVERSION = YES;
				GCC_WARN_ABOUT_RETURN_TYPE = YES_ERROR;
				GCC_WARN_UNDECLARED_SELECTOR = YES;
				GCC_WARN_UNINITIALIZED_AUTOS = YES_AGGRESSIVE;
				GCC_WARN_UNUSED_FUNCTION = YES;
				GCC_WARN_UNUSED_VARIABLE = YES;
				MACOSX_DEPLOYMENT_TARGET = 10.9;
				MTL_ENABLE_DEBUG_INFO = NO;
				SDKROOT = macosx;
			};
			name = Release;
		};
		243284C119E47DA70095B58F /* Debug */ = {
			isa = XCBuildConfiguration;
			buildSettings = {
				CLANG_CXX_LANGUAGE_STANDARD = "c++0x";
				CLANG_CXX_LIBRARY = "libc++";
				DYLIB_COMPATIBILITY_VERSION = 1;
				DYLIB_CURRENT_VERSION = 1;
				EXECUTABLE_PREFIX = lib;
				PRODUCT_NAME = "$(TARGET_NAME)";
			};
			name = Debug;
		};
		243284C219E47DA70095B58F /* Release */ = {
			isa = XCBuildConfiguration;
			buildSettings = {
				CLANG_CXX_LANGUAGE_STANDARD = "c++0x";
				CLANG_CXX_LIBRARY = "libc++";
				DYLIB_COMPATIBILITY_VERSION = 1;
				DYLIB_CURRENT_VERSION = 1;
				EXECUTABLE_PREFIX = lib;
				PRODUCT_NAME = "$(TARGET_NAME)";
			};
			name = Release;
		};
		243284F319E494850095B58F /* Debug */ = {
			isa = XCBuildConfiguration;
			buildSettings = {
				CLANG_CXX_LIBRARY = "libc++";
				DYLIB_COMPATIBILITY_VERSION = 1;
				DYLIB_CURRENT_VERSION = 1;
				EXECUTABLE_PREFIX = lib;
				PRODUCT_NAME = replacemallocsqlite;
			};
			name = Debug;
		};
		243284F419E494850095B58F /* Release */ = {
			isa = XCBuildConfiguration;
			buildSettings = {
				CLANG_CXX_LIBRARY = "libc++";
				DYLIB_COMPATIBILITY_VERSION = 1;
				DYLIB_CURRENT_VERSION = 1;
				EXECUTABLE_PREFIX = lib;
				PRODUCT_NAME = replacemallocsqlite;
			};
			name = Release;
		};
/* End XCBuildConfiguration section */

/* Begin XCConfigurationList section */
		243284B719E47DA70095B58F /* Build configuration list for PBXProject "replacemalloc" */ = {
			isa = XCConfigurationList;
			buildConfigurations = (
				243284BE19E47DA70095B58F /* Debug */,
				243284BF19E47DA70095B58F /* Release */,
			);
			defaultConfigurationIsVisible = 0;
			defaultConfigurationName = Release;
		};
		243284C019E47DA70095B58F /* Build configuration list for PBXNativeTarget "replacemalloc" */ = {
			isa = XCConfigurationList;
			buildConfigurations = (
				243284C119E47DA70095B58F /* Debug */,
				243284C219E47DA70095B58F /* Release */,
			);
			defaultConfigurationIsVisible = 0;
			defaultConfigurationName = Release;
		};
		243284F219E494850095B58F /* Build configuration list for PBXNativeTarget "replacemallocsqlite" */ = {
			isa = XCConfigurationList;
			buildConfigurations = (
				243284F319E494850095B58F /* Debug */,
				243284F419E494850095B58F /* Release */,
			);
			defaultConfigurationIsVisible = 0;
			defaultConfigurationName = Release;
		};
/* End XCConfigurationList section */
	};
	rootObject = 243284B419E47DA70095B58F /* Project object */;
}
